
Microsoft Visual Studio Solution File, Format Version 12.00
# Visual Studio Version 17
VisualStudioVersion = 17.11.35303.130
MinimumVisualStudioVersion = 10.0.40219.1
Project("{8BC9CEB8-8B4A-11D0-8D11-00A0C91BC942}") = "P021_Battle_Royale", "P021_Battle_Royale\P021_Battle_Royale.vcxproj", "{24CC2D6D-B7A1-4CD9-8ECD-6C5D095BE4D6}"
EndProject
Global
	GlobalSection(SolutionConfigurationPlatforms) = preSolution
		Debug|x64 = Debug|x64
		Debug|x86 = Debug|x86
		Release|x64 = Release|x64
		Release|x86 = Release|x86
	EndGlobalSection
	GlobalSection(ProjectConfigurationPlatforms) = postSolution
		{24CC2D6D-B7A1-4CD9-8ECD-6C5D095BE4D6}.Debug|x64.ActiveCfg = Debug|x64
		{24CC2D6D-B7A1-4CD9-8ECD-6C5D095BE4D6}.Debug|x64.Build.0 = Debug|x64
		{24CC2D6D-B7A1-4CD9-8ECD-6C5D095BE4D6}.Debug|x86.ActiveCfg = Debug|Win32
		{24CC2D6D-B7A1-4CD9-8ECD-6C5D095BE4D6}.Debug|x86.Build.0 = Debug|Win32
		{24CC2D6D-B7A1-4CD9-8ECD-6C5D095BE4D6}.Release|x64.ActiveCfg = Release|x64
		{24CC2D6D-B7A1-4CD9-8ECD-6C5D095BE4D6}.Release|x64.Build.0 = Release|x64
		{24CC2D6D-B7A1-4CD9-8ECD-6C5D095BE4D6}.Release|x86.ActiveCfg = Release|Win32
		{24CC2D6D-B7A1-4CD9-8ECD-6C5D095BE4D6}.Release|x86.Build.0 = Release|Win32
	EndGlobalSection
	GlobalSection(SolutionProperties) = preSolution
		HideSolutionNode = FALSE
	EndGlobalSection
	GlobalSection(ExtensibilityGlobals) = postSolution
		SolutionGuid = {9982175F-99BC-42CB-82F4-58730D11475B}
	EndGlobalSection
EndGlobal
